
Microsoft Visual Studio Solution File, Format Version 12.00
# Visual Studio Version 16
VisualStudioVersion = 16.0.30011.22
MinimumVisualStudioVersion = 10.0.40219.1
Project("{FAE04EC0-301F-11D3-BF4B-00C04F79EFBC}") = "RazorPagesMovie", "RazorPagesMovie.csproj", "{E158F13E-F392-4EDC-B36F-C60D25F0A292}"
EndProject
Global
	GlobalSection(SolutionConfigurationPlatforms) = preSolution
		Debug|Any CPU = Debug|Any CPU
		Release|Any CPU = Release|Any CPU
	EndGlobalSection
	GlobalSection(ProjectConfigurationPlatforms) = postSolution
		{E158F13E-F392-4EDC-B36F-C60D25F0A292}.Debug|Any CPU.ActiveCfg = Debug|Any CPU
		{E158F13E-F392-4EDC-B36F-C60D25F0A292}.Debug|Any CPU.Build.0 = Debug|Any CPU
		{E158F13E-F392-4EDC-B36F-C60D25F0A292}.Release|Any CPU.ActiveCfg = Release|Any CPU
		{E158F13E-F392-4EDC-B36F-C60D25F0A292}.Release|Any CPU.Build.0 = Release|Any CPU
	EndGlobalSection
	GlobalSection(SolutionProperties) = preSolution
		HideSolutionNode = FALSE
	EndGlobalSection
	GlobalSection(ExtensibilityGlobals) = postSolution
		SolutionGuid = {44845AD6-C7D5-412E-9C88-C6C9195C9625}
	EndGlobalSection
EndGlobal
