
Microsoft Visual Studio Solution File, Format Version 12.00
# Visual Studio Version 16
VisualStudioVersion = 16.0.30011.22
MinimumVisualStudioVersion = 10.0.40219.1
Project("{FAE04EC0-301F-11D3-BF4B-00C04F79EFBC}") = "ContosoUniversity", "ContosoUniversity.csproj", "{E5DB9959-060B-4969-8913-90F2129A4A65}"
EndProject
Global
	GlobalSection(SolutionConfigurationPlatforms) = preSolution
		Debug|Any CPU = Debug|Any CPU
		Release|Any CPU = Release|Any CPU
	EndGlobalSection
	GlobalSection(ProjectConfigurationPlatforms) = postSolution
		{E5DB9959-060B-4969-8913-90F2129A4A65}.Debug|Any CPU.ActiveCfg = Debug|Any CPU
		{E5DB9959-060B-4969-8913-90F2129A4A65}.Debug|Any CPU.Build.0 = Debug|Any CPU
		{E5DB9959-060B-4969-8913-90F2129A4A65}.Release|Any CPU.ActiveCfg = Release|Any CPU
		{E5DB9959-060B-4969-8913-90F2129A4A65}.Release|Any CPU.Build.0 = Release|Any CPU
	EndGlobalSection
	GlobalSection(SolutionProperties) = preSolution
		HideSolutionNode = FALSE
	EndGlobalSection
	GlobalSection(ExtensibilityGlobals) = postSolution
		SolutionGuid = {B7E22D5E-ADAF-4012-9703-CE7F75A1E886}
	EndGlobalSection
EndGlobal
