
Microsoft Visual Studio Solution File, Format Version 12.00
# Visual Studio Version 16
VisualStudioVersion = 16.0.30225.117
MinimumVisualStudioVersion = 10.0.40219.1
Project("{FAE04EC0-301F-11D3-BF4B-00C04F79EFBC}") = "Notes.Android", "Notes.Android\Notes.Android.csproj", "{D0A88DD2-AD12-47E6-8043-BED18C89A2E4}"
EndProject
Project("{FAE04EC0-301F-11D3-BF4B-00C04F79EFBC}") = "Notes.iOS", "Notes.iOS\Notes.iOS.csproj", "{A41C3D14-4522-49CD-A439-55F2F7C3EE83}"
EndProject
Project("{FAE04EC0-301F-11D3-BF4B-00C04F79EFBC}") = "Notes", "Notes\Notes.csproj", "{7211EEE3-ADCC-414F-B82D-5E6061D4DF01}"
EndProject
Global
	GlobalSection(SolutionConfigurationPlatforms) = preSolution
		Debug|Any CPU = Debug|Any CPU
		Debug|iPhone = Debug|iPhone
		Debug|iPhoneSimulator = Debug|iPhoneSimulator
		Release|Any CPU = Release|Any CPU
		Release|iPhone = Release|iPhone
		Release|iPhoneSimulator = Release|iPhoneSimulator
	EndGlobalSection
	GlobalSection(ProjectConfigurationPlatforms) = postSolution
		{D0A88DD2-AD12-47E6-8043-BED18C89A2E4}.Debug|Any CPU.ActiveCfg = Debug|Any CPU
		{D0A88DD2-AD12-47E6-8043-BED18C89A2E4}.Debug|Any CPU.Build.0 = Debug|Any CPU
		{D0A88DD2-AD12-47E6-8043-BED18C89A2E4}.Debug|Any CPU.Deploy.0 = Debug|Any CPU
		{D0A88DD2-AD12-47E6-8043-BED18C89A2E4}.Debug|iPhone.ActiveCfg = Debug|Any CPU
		{D0A88DD2-AD12-47E6-8043-BED18C89A2E4}.Debug|iPhone.Build.0 = Debug|Any CPU
		{D0A88DD2-AD12-47E6-8043-BED18C89A2E4}.Debug|iPhone.Deploy.0 = Debug|Any CPU
		{D0A88DD2-AD12-47E6-8043-BED18C89A2E4}.Debug|iPhoneSimulator.ActiveCfg = Debug|Any CPU
		{D0A88DD2-AD12-47E6-8043-BED18C89A2E4}.Debug|iPhoneSimulator.Build.0 = Debug|Any CPU
		{D0A88DD2-AD12-47E6-8043-BED18C89A2E4}.Debug|iPhoneSimulator.Deploy.0 = Debug|Any CPU
		{D0A88DD2-AD12-47E6-8043-BED18C89A2E4}.Release|Any CPU.ActiveCfg = Release|Any CPU
		{D0A88DD2-AD12-47E6-8043-BED18C89A2E4}.Release|Any CPU.Build.0 = Release|Any CPU
		{D0A88DD2-AD12-47E6-8043-BED18C89A2E4}.Release|Any CPU.Deploy.0 = Release|Any CPU
		{D0A88DD2-AD12-47E6-8043-BED18C89A2E4}.Release|iPhone.ActiveCfg = Release|Any CPU
		{D0A88DD2-AD12-47E6-8043-BED18C89A2E4}.Release|iPhone.Build.0 = Release|Any CPU
		{D0A88DD2-AD12-47E6-8043-BED18C89A2E4}.Release|iPhone.Deploy.0 = Release|Any CPU
		{D0A88DD2-AD12-47E6-8043-BED18C89A2E4}.Release|iPhoneSimulator.ActiveCfg = Release|Any CPU
		{D0A88DD2-AD12-47E6-8043-BED18C89A2E4}.Release|iPhoneSimulator.Build.0 = Release|Any CPU
		{D0A88DD2-AD12-47E6-8043-BED18C89A2E4}.Release|iPhoneSimulator.Deploy.0 = Release|Any CPU
		{A41C3D14-4522-49CD-A439-55F2F7C3EE83}.Debug|Any CPU.ActiveCfg = Debug|iPhone
		{A41C3D14-4522-49CD-A439-55F2F7C3EE83}.Debug|Any CPU.Build.0 = Debug|iPhone
		{A41C3D14-4522-49CD-A439-55F2F7C3EE83}.Debug|Any CPU.Deploy.0 = Debug|iPhone
		{A41C3D14-4522-49CD-A439-55F2F7C3EE83}.Debug|iPhone.ActiveCfg = Debug|iPhone
		{A41C3D14-4522-49CD-A439-55F2F7C3EE83}.Debug|iPhone.Build.0 = Debug|iPhone
		{A41C3D14-4522-49CD-A439-55F2F7C3EE83}.Debug|iPhone.Deploy.0 = Debug|iPhone
		{A41C3D14-4522-49CD-A439-55F2F7C3EE83}.Debug|iPhoneSimulator.ActiveCfg = Debug|iPhoneSimulator
		{A41C3D14-4522-49CD-A439-55F2F7C3EE83}.Debug|iPhoneSimulator.Build.0 = Debug|iPhoneSimulator
		{A41C3D14-4522-49CD-A439-55F2F7C3EE83}.Debug|iPhoneSimulator.Deploy.0 = Debug|iPhoneSimulator
		{A41C3D14-4522-49CD-A439-55F2F7C3EE83}.Release|Any CPU.ActiveCfg = Release|iPhone
		{A41C3D14-4522-49CD-A439-55F2F7C3EE83}.Release|Any CPU.Build.0 = Release|iPhone
		{A41C3D14-4522-49CD-A439-55F2F7C3EE83}.Release|Any CPU.Deploy.0 = Release|iPhone
		{A41C3D14-4522-49CD-A439-55F2F7C3EE83}.Release|iPhone.ActiveCfg = Release|iPhone
		{A41C3D14-4522-49CD-A439-55F2F7C3EE83}.Release|iPhone.Build.0 = Release|iPhone
		{A41C3D14-4522-49CD-A439-55F2F7C3EE83}.Release|iPhone.Deploy.0 = Release|iPhone
		{A41C3D14-4522-49CD-A439-55F2F7C3EE83}.Release|iPhoneSimulator.ActiveCfg = Release|iPhoneSimulator
		{A41C3D14-4522-49CD-A439-55F2F7C3EE83}.Release|iPhoneSimulator.Build.0 = Release|iPhoneSimulator
		{A41C3D14-4522-49CD-A439-55F2F7C3EE83}.Release|iPhoneSimulator.Deploy.0 = Release|iPhoneSimulator
		{7211EEE3-ADCC-414F-B82D-5E6061D4DF01}.Debug|Any CPU.ActiveCfg = Debug|Any CPU
		{7211EEE3-ADCC-414F-B82D-5E6061D4DF01}.Debug|Any CPU.Build.0 = Debug|Any CPU
		{7211EEE3-ADCC-414F-B82D-5E6061D4DF01}.Debug|Any CPU.Deploy.0 = Debug|Any CPU
		{7211EEE3-ADCC-414F-B82D-5E6061D4DF01}.Debug|iPhone.ActiveCfg = Debug|Any CPU
		{7211EEE3-ADCC-414F-B82D-5E6061D4DF01}.Debug|iPhone.Build.0 = Debug|Any CPU
		{7211EEE3-ADCC-414F-B82D-5E6061D4DF01}.Debug|iPhone.Deploy.0 = Debug|Any CPU
		{7211EEE3-ADCC-414F-B82D-5E6061D4DF01}.Debug|iPhoneSimulator.ActiveCfg = Debug|Any CPU
		{7211EEE3-ADCC-414F-B82D-5E6061D4DF01}.Debug|iPhoneSimulator.Build.0 = Debug|Any CPU
		{7211EEE3-ADCC-414F-B82D-5E6061D4DF01}.Debug|iPhoneSimulator.Deploy.0 = Debug|Any CPU
		{7211EEE3-ADCC-414F-B82D-5E6061D4DF01}.Release|Any CPU.ActiveCfg = Release|Any CPU
		{7211EEE3-ADCC-414F-B82D-5E6061D4DF01}.Release|Any CPU.Build.0 = Release|Any CPU
		{7211EEE3-ADCC-414F-B82D-5E6061D4DF01}.Release|Any CPU.Deploy.0 = Release|Any CPU
		{7211EEE3-ADCC-414F-B82D-5E6061D4DF01}.Release|iPhone.ActiveCfg = Release|Any CPU
		{7211EEE3-ADCC-414F-B82D-5E6061D4DF01}.Release|iPhone.Build.0 = Release|Any CPU
		{7211EEE3-ADCC-414F-B82D-5E6061D4DF01}.Release|iPhone.Deploy.0 = Release|Any CPU
		{7211EEE3-ADCC-414F-B82D-5E6061D4DF01}.Release|iPhoneSimulator.ActiveCfg = Release|Any CPU
		{7211EEE3-ADCC-414F-B82D-5E6061D4DF01}.Release|iPhoneSimulator.Build.0 = Release|Any CPU
		{7211EEE3-ADCC-414F-B82D-5E6061D4DF01}.Release|iPhoneSimulator.Deploy.0 = Release|Any CPU
	EndGlobalSection
	GlobalSection(SolutionProperties) = preSolution
		HideSolutionNode = FALSE
	EndGlobalSection
	GlobalSection(ExtensibilityGlobals) = postSolution
		SolutionGuid = {355A2B1B-BEFE-47F1-97E1-E3B677118882}
	EndGlobalSection
EndGlobal
