
Microsoft Visual Studio Solution File, Format Version 12.00
# Visual Studio Version 16
VisualStudioVersion = 16.0.30011.22
MinimumVisualStudioVersion = 10.0.40219.1
Project("{FAE04EC0-301F-11D3-BF4B-00C04F79EFBC}") = "MathQuiz", "MathQuiz.csproj", "{2FB81819-407F-42B1-8688-84134D829C27}"
EndProject
Global
	GlobalSection(SolutionConfigurationPlatforms) = preSolution
		Debug|Any CPU = Debug|Any CPU
		Release|Any CPU = Release|Any CPU
	EndGlobalSection
	GlobalSection(ProjectConfigurationPlatforms) = postSolution
		{2FB81819-407F-42B1-8688-84134D829C27}.Debug|Any CPU.ActiveCfg = Debug|Any CPU
		{2FB81819-407F-42B1-8688-84134D829C27}.Debug|Any CPU.Build.0 = Debug|Any CPU
		{2FB81819-407F-42B1-8688-84134D829C27}.Release|Any CPU.ActiveCfg = Release|Any CPU
		{2FB81819-407F-42B1-8688-84134D829C27}.Release|Any CPU.Build.0 = Release|Any CPU
	EndGlobalSection
	GlobalSection(SolutionProperties) = preSolution
		HideSolutionNode = FALSE
	EndGlobalSection
	GlobalSection(ExtensibilityGlobals) = postSolution
		SolutionGuid = {52D69DEC-6DA4-4C1C-BE7E-3BFEEB18FDF3}
	EndGlobalSection
EndGlobal
